
Microsoft Visual Studio Solution File, Format Version 12.00
# Visual Studio Version 17
VisualStudioVersion = 17.0.31903.59
MinimumVisualStudioVersion = 10.0.40219.1
Project("{2150E333-8FDC-42A3-9474-1A3956D46DE8}") = "src", "src", "{827E0CD3-B72D-47B6-A68D-7590B98EB39B}"
EndProject
Project("{2150E333-8FDC-42A3-9474-1A3956D46DE8}") = "2-application", "2-application", "{22BAF98C-8415-17C4-B26A-D537657BC863}"
EndProject
Project("{FAE04EC0-301F-11D3-BF4B-00C04F79EFBC}") = "PgKits.Application", "src\2-application\PgKits.Application\PgKits.Application.csproj", "{20CC4688-1838-4D80-A455-891D58147167}"
EndProject
Project("{2150E333-8FDC-42A3-9474-1A3956D46DE8}") = "1-webapi", "1-webapi", "{953D89DF-FDD2-4C1A-6A43-6326114B13B5}"
EndProject
Project("{FAE04EC0-301F-11D3-BF4B-00C04F79EFBC}") = "PgKits.WebApi", "src\1-webapi\PgKits.WebApi\PgKits.WebApi.csproj", "{F777DFA3-0CEE-4F0F-9977-4A1725997FEB}"
EndProject
Project("{2150E333-8FDC-42A3-9474-1A3956D46DE8}") = "3-domain", "3-domain", "{8B290487-4C16-E85E-E807-F579CBE9FC4D}"
EndProject
Project("{FAE04EC0-301F-11D3-BF4B-00C04F79EFBC}") = "PgKits.Domain", "src\3-domain\PgKits.Domain\PgKits.Domain.csproj", "{61A24D7F-14FC-4B47-940B-4E9FE586D91E}"
EndProject
Project("{2150E333-8FDC-42A3-9474-1A3956D46DE8}") = "4-infrastructure", "4-infrastructure", "{9048EB7F-3875-A59E-E36B-5BD4C6F2A282}"
EndProject
Project("{FAE04EC0-301F-11D3-BF4B-00C04F79EFBC}") = "PgKits.Infrastructure", "src\4-infrastructure\PgKits.Infrastructure\PgKits.Infrastructure.csproj", "{877B1C3E-8A67-442E-83A9-E323EE2498AF}"
EndProject
Global
	GlobalSection(SolutionConfigurationPlatforms) = preSolution
		Debug|Any CPU = Debug|Any CPU
		Debug|x64 = Debug|x64
		Debug|x86 = Debug|x86
		Release|Any CPU = Release|Any CPU
		Release|x64 = Release|x64
		Release|x86 = Release|x86
	EndGlobalSection
	GlobalSection(ProjectConfigurationPlatforms) = postSolution
		{20CC4688-1838-4D80-A455-891D58147167}.Debug|Any CPU.ActiveCfg = Debug|Any CPU
		{20CC4688-1838-4D80-A455-891D58147167}.Debug|Any CPU.Build.0 = Debug|Any CPU
		{20CC4688-1838-4D80-A455-891D58147167}.Debug|x64.ActiveCfg = Debug|Any CPU
		{20CC4688-1838-4D80-A455-891D58147167}.Debug|x64.Build.0 = Debug|Any CPU
		{20CC4688-1838-4D80-A455-891D58147167}.Debug|x86.ActiveCfg = Debug|Any CPU
		{20CC4688-1838-4D80-A455-891D58147167}.Debug|x86.Build.0 = Debug|Any CPU
		{20CC4688-1838-4D80-A455-891D58147167}.Release|Any CPU.ActiveCfg = Release|Any CPU
		{20CC4688-1838-4D80-A455-891D58147167}.Release|Any CPU.Build.0 = Release|Any CPU
		{20CC4688-1838-4D80-A455-891D58147167}.Release|x64.ActiveCfg = Release|Any CPU
		{20CC4688-1838-4D80-A455-891D58147167}.Release|x64.Build.0 = Release|Any CPU
		{20CC4688-1838-4D80-A455-891D58147167}.Release|x86.ActiveCfg = Release|Any CPU
		{20CC4688-1838-4D80-A455-891D58147167}.Release|x86.Build.0 = Release|Any CPU
		{F777DFA3-0CEE-4F0F-9977-4A1725997FEB}.Debug|Any CPU.ActiveCfg = Debug|Any CPU
		{F777DFA3-0CEE-4F0F-9977-4A1725997FEB}.Debug|Any CPU.Build.0 = Debug|Any CPU
		{F777DFA3-0CEE-4F0F-9977-4A1725997FEB}.Debug|x64.ActiveCfg = Debug|Any CPU
		{F777DFA3-0CEE-4F0F-9977-4A1725997FEB}.Debug|x64.Build.0 = Debug|Any CPU
		{F777DFA3-0CEE-4F0F-9977-4A1725997FEB}.Debug|x86.ActiveCfg = Debug|Any CPU
		{F777DFA3-0CEE-4F0F-9977-4A1725997FEB}.Debug|x86.Build.0 = Debug|Any CPU
		{F777DFA3-0CEE-4F0F-9977-4A1725997FEB}.Release|Any CPU.ActiveCfg = Release|Any CPU
		{F777DFA3-0CEE-4F0F-9977-4A1725997FEB}.Release|Any CPU.Build.0 = Release|Any CPU
		{F777DFA3-0CEE-4F0F-9977-4A1725997FEB}.Release|x64.ActiveCfg = Release|Any CPU
		{F777DFA3-0CEE-4F0F-9977-4A1725997FEB}.Release|x64.Build.0 = Release|Any CPU
		{F777DFA3-0CEE-4F0F-9977-4A1725997FEB}.Release|x86.ActiveCfg = Release|Any CPU
		{F777DFA3-0CEE-4F0F-9977-4A1725997FEB}.Release|x86.Build.0 = Release|Any CPU
		{61A24D7F-14FC-4B47-940B-4E9FE586D91E}.Debug|Any CPU.ActiveCfg = Debug|Any CPU
		{61A24D7F-14FC-4B47-940B-4E9FE586D91E}.Debug|Any CPU.Build.0 = Debug|Any CPU
		{61A24D7F-14FC-4B47-940B-4E9FE586D91E}.Debug|x64.ActiveCfg = Debug|Any CPU
		{61A24D7F-14FC-4B47-940B-4E9FE586D91E}.Debug|x64.Build.0 = Debug|Any CPU
		{61A24D7F-14FC-4B47-940B-4E9FE586D91E}.Debug|x86.ActiveCfg = Debug|Any CPU
		{61A24D7F-14FC-4B47-940B-4E9FE586D91E}.Debug|x86.Build.0 = Debug|Any CPU
		{61A24D7F-14FC-4B47-940B-4E9FE586D91E}.Release|Any CPU.ActiveCfg = Release|Any CPU
		{61A24D7F-14FC-4B47-940B-4E9FE586D91E}.Release|Any CPU.Build.0 = Release|Any CPU
		{61A24D7F-14FC-4B47-940B-4E9FE586D91E}.Release|x64.ActiveCfg = Release|Any CPU
		{61A24D7F-14FC-4B47-940B-4E9FE586D91E}.Release|x64.Build.0 = Release|Any CPU
		{61A24D7F-14FC-4B47-940B-4E9FE586D91E}.Release|x86.ActiveCfg = Release|Any CPU
		{61A24D7F-14FC-4B47-940B-4E9FE586D91E}.Release|x86.Build.0 = Release|Any CPU
		{877B1C3E-8A67-442E-83A9-E323EE2498AF}.Debug|Any CPU.ActiveCfg = Debug|Any CPU
		{877B1C3E-8A67-442E-83A9-E323EE2498AF}.Debug|Any CPU.Build.0 = Debug|Any CPU
		{877B1C3E-8A67-442E-83A9-E323EE2498AF}.Debug|x64.ActiveCfg = Debug|Any CPU
		{877B1C3E-8A67-442E-83A9-E323EE2498AF}.Debug|x64.Build.0 = Debug|Any CPU
		{877B1C3E-8A67-442E-83A9-E323EE2498AF}.Debug|x86.ActiveCfg = Debug|Any CPU
		{877B1C3E-8A67-442E-83A9-E323EE2498AF}.Debug|x86.Build.0 = Debug|Any CPU
		{877B1C3E-8A67-442E-83A9-E323EE2498AF}.Release|Any CPU.ActiveCfg = Release|Any CPU
		{877B1C3E-8A67-442E-83A9-E323EE2498AF}.Release|Any CPU.Build.0 = Release|Any CPU
		{877B1C3E-8A67-442E-83A9-E323EE2498AF}.Release|x64.ActiveCfg = Release|Any CPU
		{877B1C3E-8A67-442E-83A9-E323EE2498AF}.Release|x64.Build.0 = Release|Any CPU
		{877B1C3E-8A67-442E-83A9-E323EE2498AF}.Release|x86.ActiveCfg = Release|Any CPU
		{877B1C3E-8A67-442E-83A9-E323EE2498AF}.Release|x86.Build.0 = Release|Any CPU
	EndGlobalSection
	GlobalSection(SolutionProperties) = preSolution
		HideSolutionNode = FALSE
	EndGlobalSection
	GlobalSection(NestedProjects) = preSolution
		{22BAF98C-8415-17C4-B26A-D537657BC863} = {827E0CD3-B72D-47B6-A68D-7590B98EB39B}
		{20CC4688-1838-4D80-A455-891D58147167} = {22BAF98C-8415-17C4-B26A-D537657BC863}
		{953D89DF-FDD2-4C1A-6A43-6326114B13B5} = {827E0CD3-B72D-47B6-A68D-7590B98EB39B}
		{F777DFA3-0CEE-4F0F-9977-4A1725997FEB} = {953D89DF-FDD2-4C1A-6A43-6326114B13B5}
		{8B290487-4C16-E85E-E807-F579CBE9FC4D} = {827E0CD3-B72D-47B6-A68D-7590B98EB39B}
		{61A24D7F-14FC-4B47-940B-4E9FE586D91E} = {8B290487-4C16-E85E-E807-F579CBE9FC4D}
		{9048EB7F-3875-A59E-E36B-5BD4C6F2A282} = {827E0CD3-B72D-47B6-A68D-7590B98EB39B}
		{877B1C3E-8A67-442E-83A9-E323EE2498AF} = {9048EB7F-3875-A59E-E36B-5BD4C6F2A282}
	EndGlobalSection
	GlobalSection(ExtensibilityGlobals) = postSolution
		SolutionGuid = {B73EA31D-EE42-441B-AF5A-F2ED039D48A6}
	EndGlobalSection
EndGlobal
